// !$*UTF8*$!
{
	archiveVersion = 1;
	classes = {
	};
	objectVersion = 46;
	objects = {

/* Begin PBXBuildFile section */
		BC5EF5881960129D0066CB63 /* Foundation.framework in Frameworks */ = {isa = PBXBuildFile; fileRef = BC5EF5871960129D0066CB63 /* Foundation.framework */; };
		BC5EF58A1960129D0066CB63 /* CoreGraphics.framework in Frameworks */ = {isa = PBXBuildFile; fileRef = BC5EF5891960129D0066CB63 /* CoreGraphics.framework */; };
		BC5EF58C1960129D0066CB63 /* UIKit.framework in Frameworks */ = {isa = PBXBuildFile; fileRef = BC5EF58B1960129D0066CB63 /* UIKit.framework */; };
		BC5EF5921960129D0066CB63 /* InfoPlist.strings in Resources */ = {isa = PBXBuildFile; fileRef = BC5EF5901960129D0066CB63 /* InfoPlist.strings */; };
		BC5EF5941960129D0066CB63 /* main.m in Sources */ = {isa = PBXBuildFile; fileRef = BC5EF5931960129D0066CB63 /* main.m */; };
		BC5EF5981960129D0066CB63 /* PSAppDelegate.m in Sources */ = {isa = PBXBuildFile; fileRef = BC5EF5971960129D0066CB63 /* PSAppDelegate.m */; };
		BC5EF59A1960129D0066CB63 /* Images.xcassets in Resources */ = {isa = PBXBuildFile; fileRef = BC5EF5991960129D0066CB63 /* Images.xcassets */; };
		BC5EF5A11960129D0066CB63 /* XCTest.framework in Frameworks */ = {isa = PBXBuildFile; fileRef = BC5EF5A01960129D0066CB63 /* XCTest.framework */; };
		BC5EF5A21960129D0066CB63 /* Foundation.framework in Frameworks */ = {isa = PBXBuildFile; fileRef = BC5EF5871960129D0066CB63 /* Foundation.framework */; };
		BC5EF5A31960129D0066CB63 /* UIKit.framework in Frameworks */ = {isa = PBXBuildFile; fileRef = BC5EF58B1960129D0066CB63 /* UIKit.framework */; };
		BC5EF5AB1960129D0066CB63 /* InfoPlist.strings in Resources */ = {isa = PBXBuildFile; fileRef = BC5EF5A91960129D0066CB63 /* InfoPlist.strings */; };
		BC5EF5AD1960129E0066CB63 /* Router_cloudTests.m in Sources */ = {isa = PBXBuildFile; fileRef = BC5EF5AC1960129E0066CB63 /* Router_cloudTests.m */; };
		BC5EF5BD1960143E0066CB63 /* PSGuidePageViewController.m in Sources */ = {isa = PBXBuildFile; fileRef = BC5EF5BC1960143E0066CB63 /* PSGuidePageViewController.m */; };
		BC5EF5C1196014760066CB63 /* PSHomePageViewController.m in Sources */ = {isa = PBXBuildFile; fileRef = BC5EF5BF196014760066CB63 /* PSHomePageViewController.m */; };
		BC5EF5C2196014760066CB63 /* PSHomePageViewController.xib in Resources */ = {isa = PBXBuildFile; fileRef = BC5EF5C0196014760066CB63 /* PSHomePageViewController.xib */; };
		BC5EF5C5196017D70066CB63 /* PSTabBarController.m in Sources */ = {isa = PBXBuildFile; fileRef = BC5EF5C4196017D70066CB63 /* PSTabBarController.m */; };
		BC5EF5CC19601F2B0066CB63 /* PSHYTViewController.m in Sources */ = {isa = PBXBuildFile; fileRef = BC5EF5CB19601F2B0066CB63 /* PSHYTViewController.m */; };
		BC5EF5CF19601F580066CB63 /* PSFCViewController.m in Sources */ = {isa = PBXBuildFile; fileRef = BC5EF5CE19601F580066CB63 /* PSFCViewController.m */; };
		BC5EF5D219601F670066CB63 /* PSMoreViewController.m in Sources */ = {isa = PBXBuildFile; fileRef = BC5EF5D119601F670066CB63 /* PSMoreViewController.m */; };
		BC5EF5D6196027A60066CB63 /* Default-568h@2x.png in Resources */ = {isa = PBXBuildFile; fileRef = BC5EF5D3196027A60066CB63 /* Default-568h@2x.png */; };
		BC5EF5D7196027A60066CB63 /* Default.png in Resources */ = {isa = PBXBuildFile; fileRef = BC5EF5D4196027A60066CB63 /* Default.png */; };
		BC5EF5D8196027A60066CB63 /* Default@2x.png in Resources */ = {isa = PBXBuildFile; fileRef = BC5EF5D5196027A60066CB63 /* Default@2x.png */; };
		BC5EF5F9196027C30066CB63 /* guide_1@2x.png in Resources */ = {isa = PBXBuildFile; fileRef = BC5EF5DA196027C30066CB63 /* guide_1@2x.png */; };
		BC5EF5FA196027C30066CB63 /* guide_2@2x.png in Resources */ = {isa = PBXBuildFile; fileRef = BC5EF5DB196027C30066CB63 /* guide_2@2x.png */; };
		BC5EF5FB196027C30066CB63 /* guide_3@2x.png in Resources */ = {isa = PBXBuildFile; fileRef = BC5EF5DC196027C30066CB63 /* guide_3@2x.png */; };
		BC5EF5FC196027C30066CB63 /* guide_4@2x.png in Resources */ = {isa = PBXBuildFile; fileRef = BC5EF5DD196027C30066CB63 /* guide_4@2x.png */; };
		BC5EF5FD196027C30066CB63 /* ads_1@2x.png in Resources */ = {isa = PBXBuildFile; fileRef = BC5EF5DF196027C30066CB63 /* ads_1@2x.png */; };
		BC5EF5FE196027C30066CB63 /* ads_2@2x.png in Resources */ = {isa = PBXBuildFile; fileRef = BC5EF5E0196027C30066CB63 /* ads_2@2x.png */; };
		BC5EF5FF196027C30066CB63 /* ads_3@2x.png in Resources */ = {isa = PBXBuildFile; fileRef = BC5EF5E1196027C30066CB63 /* ads_3@2x.png */; };
		BC5EF600196027C30066CB63 /* camera-normal.png in Resources */ = {isa = PBXBuildFile; fileRef = BC5EF5E2196027C30066CB63 /* camera-normal.png */; };
		BC5EF601196027C30066CB63 /* camera-selected.png in Resources */ = {isa = PBXBuildFile; fileRef = BC5EF5E3196027C30066CB63 /* camera-selected.png */; };
		BC5EF602196027C30066CB63 /* files-normal.png in Resources */ = {isa = PBXBuildFile; fileRef = BC5EF5E4196027C30066CB63 /* files-normal.png */; };
		BC5EF603196027C30066CB63 /* files-selected.png in Resources */ = {isa = PBXBuildFile; fileRef = BC5EF5E5196027C30066CB63 /* files-selected.png */; };
		BC5EF604196027C30066CB63 /* global.png in Resources */ = {isa = PBXBuildFile; fileRef = BC5EF5E6196027C30066CB63 /* global.png */; };
		BC5EF605196027C30066CB63 /* home_active.png in Resources */ = {isa = PBXBuildFile; fileRef = BC5EF5E7196027C30066CB63 /* home_active.png */; };
		BC5EF606196027C30066CB63 /* home_normal.png in Resources */ = {isa = PBXBuildFile; fileRef = BC5EF5E8196027C30066CB63 /* home_normal.png */; };
		BC5EF607196027C30066CB63 /* host_logo@2x.png in Resources */ = {isa = PBXBuildFile; fileRef = BC5EF5E9196027C30066CB63 /* host_logo@2x.png */; };
		BC5EF608196027C30066CB63 /* hyt_active.png in Resources */ = {isa = PBXBuildFile; fileRef = BC5EF5EA196027C30066CB63 /* hyt_active.png */; };
		BC5EF609196027C30066CB63 /* hyt_normal.png in Resources */ = {isa = PBXBuildFile; fileRef = BC5EF5EB196027C30066CB63 /* hyt_normal.png */; };
		BC5EF60A196027C30066CB63 /* more_active.png in Resources */ = {isa = PBXBuildFile; fileRef = BC5EF5EC196027C30066CB63 /* more_active.png */; };
		BC5EF60B196027C30066CB63 /* more_normal.png in Resources */ = {isa = PBXBuildFile; fileRef = BC5EF5ED196027C30066CB63 /* more_normal.png */; };
		BC5EF60C196027C30066CB63 /* music-normal.png in Resources */ = {isa = PBXBuildFile; fileRef = BC5EF5EE196027C30066CB63 /* music-normal.png */; };
		BC5EF60D196027C30066CB63 /* music-selected.png in Resources */ = {isa = PBXBuildFile; fileRef = BC5EF5EF196027C30066CB63 /* music-selected.png */; };
		BC5EF60E196027C30066CB63 /* photos-normal.png in Resources */ = {isa = PBXBuildFile; fileRef = BC5EF5F0196027C30066CB63 /* photos-normal.png */; };
		BC5EF60F196027C30066CB63 /* photos-selected.png in Resources */ = {isa = PBXBuildFile; fileRef = BC5EF5F1196027C30066CB63 /* photos-selected.png */; };
		BC5EF610196027C30066CB63 /* pinyou_active.png in Resources */ = {isa = PBXBuildFile; fileRef = BC5EF5F2196027C30066CB63 /* pinyou_active.png */; };
		BC5EF611196027C30066CB63 /* pinyou_normal.png in Resources */ = {isa = PBXBuildFile; fileRef = BC5EF5F3196027C30066CB63 /* pinyou_normal.png */; };
		BC5EF612196027C30066CB63 /* tabbar.png in Resources */ = {isa = PBXBuildFile; fileRef = BC5EF5F4196027C30066CB63 /* tabbar.png */; };
		BC5EF613196027C30066CB63 /* 114x114.png in Resources */ = {isa = PBXBuildFile; fileRef = BC5EF5F6196027C30066CB63 /* 114x114.png */; };
		BC5EF614196027C30066CB63 /* 120x120.png in Resources */ = {isa = PBXBuildFile; fileRef = BC5EF5F7196027C30066CB63 /* 120x120.png */; };
		BC5EF615196027C30066CB63 /* 57x57.png in Resources */ = {isa = PBXBuildFile; fileRef = BC5EF5F8196027C30066CB63 /* 57x57.png */; };
/* End PBXBuildFile section */

/* Begin PBXContainerItemProxy section */
		BC5EF5A41960129D0066CB63 /* PBXContainerItemProxy */ = {
			isa = PBXContainerItemProxy;
			containerPortal = BC5EF57C1960129D0066CB63 /* Project object */;
			proxyType = 1;
			remoteGlobalIDString = BC5EF5831960129D0066CB63;
			remoteInfo = "Router cloud";
		};
/* End PBXContainerItemProxy section */

/* Begin PBXFileReference section */
		BC5EF5841960129D0066CB63 /* Router cloud.app */ = {isa = PBXFileReference; explicitFileType = wrapper.application; includeInIndex = 0; path = "Router cloud.app"; sourceTree = BUILT_PRODUCTS_DIR; };
		BC5EF5871960129D0066CB63 /* Foundation.framework */ = {isa = PBXFileReference; lastKnownFileType = wrapper.framework; name = Foundation.framework; path = System/Library/Frameworks/Foundation.framework; sourceTree = SDKROOT; };
		BC5EF5891960129D0066CB63 /* CoreGraphics.framework */ = {isa = PBXFileReference; lastKnownFileType = wrapper.framework; name = CoreGraphics.framework; path = System/Library/Frameworks/CoreGraphics.framework; sourceTree = SDKROOT; };
		BC5EF58B1960129D0066CB63 /* UIKit.framework */ = {isa = PBXFileReference; lastKnownFileType = wrapper.framework; name = UIKit.framework; path = System/Library/Frameworks/UIKit.framework; sourceTree = SDKROOT; };
		BC5EF58F1960129D0066CB63 /* Router cloud-Info.plist */ = {isa = PBXFileReference; lastKnownFileType = text.plist.xml; path = "Router cloud-Info.plist"; sourceTree = "<group>"; };
		BC5EF5911960129D0066CB63 /* en */ = {isa = PBXFileReference; lastKnownFileType = text.plist.strings; name = en; path = en.lproj/InfoPlist.strings; sourceTree = "<group>"; };
		BC5EF5931960129D0066CB63 /* main.m */ = {isa = PBXFileReference; lastKnownFileType = sourcecode.c.objc; path = main.m; sourceTree = "<group>"; };
		BC5EF5951960129D0066CB63 /* Router cloud-Prefix.pch */ = {isa = PBXFileReference; lastKnownFileType = sourcecode.c.h; path = "Router cloud-Prefix.pch"; sourceTree = "<group>"; };
		BC5EF5961960129D0066CB63 /* PSAppDelegate.h */ = {isa = PBXFileReference; lastKnownFileType = sourcecode.c.h; path = PSAppDelegate.h; sourceTree = "<group>"; };
		BC5EF5971960129D0066CB63 /* PSAppDelegate.m */ = {isa = PBXFileReference; lastKnownFileType = sourcecode.c.objc; path = PSAppDelegate.m; sourceTree = "<group>"; };
		BC5EF5991960129D0066CB63 /* Images.xcassets */ = {isa = PBXFileReference; lastKnownFileType = folder.assetcatalog; path = Images.xcassets; sourceTree = "<group>"; };
		BC5EF59F1960129D0066CB63 /* Router cloudTests.xctest */ = {isa = PBXFileReference; explicitFileType = wrapper.cfbundle; includeInIndex = 0; path = "Router cloudTests.xctest"; sourceTree = BUILT_PRODUCTS_DIR; };
		BC5EF5A01960129D0066CB63 /* XCTest.framework */ = {isa = PBXFileReference; lastKnownFileType = wrapper.framework; name = XCTest.framework; path = Library/Frameworks/XCTest.framework; sourceTree = DEVELOPER_DIR; };
		BC5EF5A81960129D0066CB63 /* Router cloudTests-Info.plist */ = {isa = PBXFileReference; lastKnownFileType = text.plist.xml; path = "Router cloudTests-Info.plist"; sourceTree = "<group>"; };
		BC5EF5AA1960129D0066CB63 /* en */ = {isa = PBXFileReference; lastKnownFileType = text.plist.strings; name = en; path = en.lproj/InfoPlist.strings; sourceTree = "<group>"; };
		BC5EF5AC1960129E0066CB63 /* Router_cloudTests.m */ = {isa = PBXFileReference; lastKnownFileType = sourcecode.c.objc; path = Router_cloudTests.m; sourceTree = "<group>"; };
		BC5EF5BB1960143E0066CB63 /* PSGuidePageViewController.h */ = {isa = PBXFileReference; fileEncoding = 4; lastKnownFileType = sourcecode.c.h; path = PSGuidePageViewController.h; sourceTree = "<group>"; };
		BC5EF5BC1960143E0066CB63 /* PSGuidePageViewController.m */ = {isa = PBXFileReference; fileEncoding = 4; lastKnownFileType = sourcecode.c.objc; path = PSGuidePageViewController.m; sourceTree = "<group>"; };
		BC5EF5BE196014760066CB63 /* PSHomePageViewController.h */ = {isa = PBXFileReference; fileEncoding = 4; lastKnownFileType = sourcecode.c.h; path = PSHomePageViewController.h; sourceTree = "<group>"; };
		BC5EF5BF196014760066CB63 /* PSHomePageViewController.m */ = {isa = PBXFileReference; fileEncoding = 4; lastKnownFileType = sourcecode.c.objc; path = PSHomePageViewController.m; sourceTree = "<group>"; };
		BC5EF5C0196014760066CB63 /* PSHomePageViewController.xib */ = {isa = PBXFileReference; fileEncoding = 4; lastKnownFileType = file.xib; path = PSHomePageViewController.xib; sourceTree = "<group>"; };
		BC5EF5C3196017D70066CB63 /* PSTabBarController.h */ = {isa = PBXFileReference; fileEncoding = 4; lastKnownFileType = sourcecode.c.h; path = PSTabBarController.h; sourceTree = "<group>"; };
		BC5EF5C4196017D70066CB63 /* PSTabBarController.m */ = {isa = PBXFileReference; fileEncoding = 4; lastKnownFileType = sourcecode.c.objc; path = PSTabBarController.m; sourceTree = "<group>"; };
		BC5EF5CA19601F2B0066CB63 /* PSHYTViewController.h */ = {isa = PBXFileReference; fileEncoding = 4; lastKnownFileType = sourcecode.c.h; path = PSHYTViewController.h; sourceTree = "<group>"; };
		BC5EF5CB19601F2B0066CB63 /* PSHYTViewController.m */ = {isa = PBXFileReference; fileEncoding = 4; lastKnownFileType = sourcecode.c.objc; path = PSHYTViewController.m; sourceTree = "<group>"; };
		BC5EF5CD19601F580066CB63 /* PSFCViewController.h */ = {isa = PBXFileReference; fileEncoding = 4; lastKnownFileType = sourcecode.c.h; path = PSFCViewController.h; sourceTree = "<group>"; };
		BC5EF5CE19601F580066CB63 /* PSFCViewController.m */ = {isa = PBXFileReference; fileEncoding = 4; lastKnownFileType = sourcecode.c.objc; path = PSFCViewController.m; sourceTree = "<group>"; };
		BC5EF5D019601F670066CB63 /* PSMoreViewController.h */ = {isa = PBXFileReference; fileEncoding = 4; lastKnownFileType = sourcecode.c.h; path = PSMoreViewController.h; sourceTree = "<group>"; };
		BC5EF5D119601F670066CB63 /* PSMoreViewController.m */ = {isa = PBXFileReference; fileEncoding = 4; lastKnownFileType = sourcecode.c.objc; path = PSMoreViewController.m; sourceTree = "<group>"; };
		BC5EF5D3196027A60066CB63 /* Default-568h@2x.png */ = {isa = PBXFileReference; lastKnownFileType = image.png; path = "Default-568h@2x.png"; sourceTree = "<group>"; };
		BC5EF5D4196027A60066CB63 /* Default.png */ = {isa = PBXFileReference; lastKnownFileType = image.png; path = Default.png; sourceTree = "<group>"; };
		BC5EF5D5196027A60066CB63 /* Default@2x.png */ = {isa = PBXFileReference; lastKnownFileType = image.png; path = "Default@2x.png"; sourceTree = "<group>"; };
		BC5EF5DA196027C30066CB63 /* guide_1@2x.png */ = {isa = PBXFileReference; lastKnownFileType = image.png; path = "guide_1@2x.png"; sourceTree = "<group>"; };
		BC5EF5DB196027C30066CB63 /* guide_2@2x.png */ = {isa = PBXFileReference; lastKnownFileType = image.png; path = "guide_2@2x.png"; sourceTree = "<group>"; };
		BC5EF5DC196027C30066CB63 /* guide_3@2x.png */ = {isa = PBXFileReference; lastKnownFileType = image.png; path = "guide_3@2x.png"; sourceTree = "<group>"; };
		BC5EF5DD196027C30066CB63 /* guide_4@2x.png */ = {isa = PBXFileReference; lastKnownFileType = image.png; path = "guide_4@2x.png"; sourceTree = "<group>"; };
		BC5EF5DF196027C30066CB63 /* ads_1@2x.png */ = {isa = PBXFileReference; lastKnownFileType = image.png; path = "ads_1@2x.png"; sourceTree = "<group>"; };
		BC5EF5E0196027C30066CB63 /* ads_2@2x.png */ = {isa = PBXFileReference; lastKnownFileType = image.png; path = "ads_2@2x.png"; sourceTree = "<group>"; };
		BC5EF5E1196027C30066CB63 /* ads_3@2x.png */ = {isa = PBXFileReference; lastKnownFileType = image.png; path = "ads_3@2x.png"; sourceTree = "<group>"; };
		BC5EF5E2196027C30066CB63 /* camera-normal.png */ = {isa = PBXFileReference; lastKnownFileType = image.png; path = "camera-normal.png"; sourceTree = "<group>"; };
		BC5EF5E3196027C30066CB63 /* camera-selected.png */ = {isa = PBXFileReference; lastKnownFileType = image.png; path = "camera-selected.png"; sourceTree = "<group>"; };
		BC5EF5E4196027C30066CB63 /* files-normal.png */ = {isa = PBXFileReference; lastKnownFileType = image.png; path = "files-normal.png"; sourceTree = "<group>"; };
		BC5EF5E5196027C30066CB63 /* files-selected.png */ = {isa = PBXFileReference; lastKnownFileType = image.png; path = "files-selected.png"; sourceTree = "<group>"; };
		BC5EF5E6196027C30066CB63 /* global.png */ = {isa = PBXFileReference; lastKnownFileType = image.png; path = global.png; sourceTree = "<group>"; };
		BC5EF5E7196027C30066CB63 /* home_active.png */ = {isa = PBXFileReference; lastKnownFileType = image.png; path = home_active.png; sourceTree = "<group>"; };
		BC5EF5E8196027C30066CB63 /* home_normal.png */ = {isa = PBXFileReference; lastKnownFileType = image.png; path = home_normal.png; sourceTree = "<group>"; };
		BC5EF5E9196027C30066CB63 /* host_logo@2x.png */ = {isa = PBXFileReference; lastKnownFileType = image.png; path = "host_logo@2x.png"; sourceTree = "<group>"; };
		BC5EF5EA196027C30066CB63 /* hyt_active.png */ = {isa = PBXFileReference; lastKnownFileType = image.png; path = hyt_active.png; sourceTree = "<group>"; };
		BC5EF5EB196027C30066CB63 /* hyt_normal.png */ = {isa = PBXFileReference; lastKnownFileType = image.png; path = hyt_normal.png; sourceTree = "<group>"; };
		BC5EF5EC196027C30066CB63 /* more_active.png */ = {isa = PBXFileReference; lastKnownFileType = image.png; path = more_active.png; sourceTree = "<group>"; };
		BC5EF5ED196027C30066CB63 /* more_normal.png */ = {isa = PBXFileReference; lastKnownFileType = image.png; path = more_normal.png; sourceTree = "<group>"; };
		BC5EF5EE196027C30066CB63 /* music-normal.png */ = {isa = PBXFileReference; lastKnownFileType = image.png; path = "music-normal.png"; sourceTree = "<group>"; };
		BC5EF5EF196027C30066CB63 /* music-selected.png */ = {isa = PBXFileReference; lastKnownFileType = image.png; path = "music-selected.png"; sourceTree = "<group>"; };
		BC5EF5F0196027C30066CB63 /* photos-normal.png */ = {isa = PBXFileReference; lastKnownFileType = image.png; path = "photos-normal.png"; sourceTree = "<group>"; };
		BC5EF5F1196027C30066CB63 /* photos-selected.png */ = {isa = PBXFileReference; lastKnownFileType = image.png; path = "photos-selected.png"; sourceTree = "<group>"; };
		BC5EF5F2196027C30066CB63 /* pinyou_active.png */ = {isa = PBXFileReference; lastKnownFileType = image.png; path = pinyou_active.png; sourceTree = "<group>"; };
		BC5EF5F3196027C30066CB63 /* pinyou_normal.png */ = {isa = PBXFileReference; lastKnownFileType = image.png; path = pinyou_normal.png; sourceTree = "<group>"; };
		BC5EF5F4196027C30066CB63 /* tabbar.png */ = {isa = PBXFileReference; lastKnownFileType = image.png; path = tabbar.png; sourceTree = "<group>"; };
		BC5EF5F6196027C30066CB63 /* 114x114.png */ = {isa = PBXFileReference; lastKnownFileType = image.png; path = 114x114.png; sourceTree = "<group>"; };
		BC5EF5F7196027C30066CB63 /* 120x120.png */ = {isa = PBXFileReference; lastKnownFileType = image.png; path = 120x120.png; sourceTree = "<group>"; };
		BC5EF5F8196027C30066CB63 /* 57x57.png */ = {isa = PBXFileReference; lastKnownFileType = image.png; path = 57x57.png; sourceTree = "<group>"; };
/* End PBXFileReference section */

/* Begin PBXFrameworksBuildPhase section */
		BC5EF5811960129D0066CB63 /* Frameworks */ = {
			isa = PBXFrameworksBuildPhase;
			buildActionMask = 2147483647;
			files = (
				BC5EF58A1960129D0066CB63 /* CoreGraphics.framework in Frameworks */,
				BC5EF58C1960129D0066CB63 /* UIKit.framework in Frameworks */,
				BC5EF5881960129D0066CB63 /* Foundation.framework in Frameworks */,
			);
			runOnlyForDeploymentPostprocessing = 0;
		};
		BC5EF59C1960129D0066CB63 /* Frameworks */ = {
			isa = PBXFrameworksBuildPhase;
			buildActionMask = 2147483647;
			files = (
				BC5EF5A11960129D0066CB63 /* XCTest.framework in Frameworks */,
				BC5EF5A31960129D0066CB63 /* UIKit.framework in Frameworks */,
				BC5EF5A21960129D0066CB63 /* Foundation.framework in Frameworks */,
			);
			runOnlyForDeploymentPostprocessing = 0;
		};
/* End PBXFrameworksBuildPhase section */

/* Begin PBXGroup section */
		BC5EF57B1960129D0066CB63 = {
			isa = PBXGroup;
			children = (
				BC5EF5B6196013E10066CB63 /* CustomUI */,
				BC5EF5B7196013E10066CB63 /* Modal */,
				BC5EF5B8196013E10066CB63 /* Resources */,
				BC5EF5B9196013E10066CB63 /* ThirdpartyLibraries */,
				BC5EF5BA196013E10066CB63 /* ViewController */,
				BC5EF58D1960129D0066CB63 /* Router cloud */,
				BC5EF5A61960129D0066CB63 /* Router cloudTests */,
				BC5EF5861960129D0066CB63 /* Frameworks */,
				BC5EF5851960129D0066CB63 /* Products */,
			);
			sourceTree = "<group>";
		};
		BC5EF5851960129D0066CB63 /* Products */ = {
			isa = PBXGroup;
			children = (
				BC5EF5841960129D0066CB63 /* Router cloud.app */,
				BC5EF59F1960129D0066CB63 /* Router cloudTests.xctest */,
			);
			name = Products;
			sourceTree = "<group>";
		};
		BC5EF5861960129D0066CB63 /* Frameworks */ = {
			isa = PBXGroup;
			children = (
				BC5EF5871960129D0066CB63 /* Foundation.framework */,
				BC5EF5891960129D0066CB63 /* CoreGraphics.framework */,
				BC5EF58B1960129D0066CB63 /* UIKit.framework */,
				BC5EF5A01960129D0066CB63 /* XCTest.framework */,
			);
			name = Frameworks;
			sourceTree = "<group>";
		};
		BC5EF58D1960129D0066CB63 /* Router cloud */ = {
			isa = PBXGroup;
			children = (
				BC5EF5991960129D0066CB63 /* Images.xcassets */,
				BC5EF58E1960129D0066CB63 /* Supporting Files */,
			);
			path = "Router cloud";
			sourceTree = "<group>";
		};
		BC5EF58E1960129D0066CB63 /* Supporting Files */ = {
			isa = PBXGroup;
			children = (
				BC5EF5D3196027A60066CB63 /* Default-568h@2x.png */,
				BC5EF5D4196027A60066CB63 /* Default.png */,
				BC5EF5D5196027A60066CB63 /* Default@2x.png */,
				BC5EF5961960129D0066CB63 /* PSAppDelegate.h */,
				BC5EF5971960129D0066CB63 /* PSAppDelegate.m */,
				BC5EF58F1960129D0066CB63 /* Router cloud-Info.plist */,
				BC5EF5901960129D0066CB63 /* InfoPlist.strings */,
				BC5EF5931960129D0066CB63 /* main.m */,
				BC5EF5951960129D0066CB63 /* Router cloud-Prefix.pch */,
			);
			name = "Supporting Files";
			sourceTree = "<group>";
		};
		BC5EF5A61960129D0066CB63 /* Router cloudTests */ = {
			isa = PBXGroup;
			children = (
				BC5EF5AC1960129E0066CB63 /* Router_cloudTests.m */,
				BC5EF5A71960129D0066CB63 /* Supporting Files */,
			);
			path = "Router cloudTests";
			sourceTree = "<group>";
		};
		BC5EF5A71960129D0066CB63 /* Supporting Files */ = {
			isa = PBXGroup;
			children = (
				BC5EF5A81960129D0066CB63 /* Router cloudTests-Info.plist */,
				BC5EF5A91960129D0066CB63 /* InfoPlist.strings */,
			);
			name = "Supporting Files";
			sourceTree = "<group>";
		};
		BC5EF5B6196013E10066CB63 /* CustomUI */ = {
			isa = PBXGroup;
			children = (
			);
			path = CustomUI;
			sourceTree = "<group>";
		};
		BC5EF5B7196013E10066CB63 /* Modal */ = {
			isa = PBXGroup;
			children = (
			);
			path = Modal;
			sourceTree = "<group>";
		};
		BC5EF5B8196013E10066CB63 /* Resources */ = {
			isa = PBXGroup;
			children = (
				BC5EF5D9196027C30066CB63 /* guideImage */,
				BC5EF5DE196027C30066CB63 /* homepage */,
				BC5EF5F5196027C30066CB63 /* logo */,
			);
			path = Resources;
			sourceTree = "<group>";
		};
		BC5EF5B9196013E10066CB63 /* ThirdpartyLibraries */ = {
			isa = PBXGroup;
			children = (
			);
			path = ThirdpartyLibraries;
			sourceTree = "<group>";
		};
		BC5EF5BA196013E10066CB63 /* ViewController */ = {
			isa = PBXGroup;
			children = (
				BC5EF5C619601D350066CB63 /* Cloud Music */,
				BC5EF5C719601D350066CB63 /* Cloud picture */,
				BC5EF5C819601D360066CB63 /* Cloud share */,
				BC5EF5C919601D360066CB63 /* Cloud video */,
				BC5EF5BB1960143E0066CB63 /* PSGuidePageViewController.h */,
				BC5EF5BC1960143E0066CB63 /* PSGuidePageViewController.m */,
				BC5EF5BE196014760066CB63 /* PSHomePageViewController.h */,
				BC5EF5BF196014760066CB63 /* PSHomePageViewController.m */,
				BC5EF5C0196014760066CB63 /* PSHomePageViewController.xib */,
				BC5EF5C3196017D70066CB63 /* PSTabBarController.h */,
				BC5EF5C4196017D70066CB63 /* PSTabBarController.m */,
				BC5EF5CA19601F2B0066CB63 /* PSHYTViewController.h */,
				BC5EF5CB19601F2B0066CB63 /* PSHYTViewController.m */,
				BC5EF5CD19601F580066CB63 /* PSFCViewController.h */,
				BC5EF5CE19601F580066CB63 /* PSFCViewController.m */,
				BC5EF5D019601F670066CB63 /* PSMoreViewController.h */,
				BC5EF5D119601F670066CB63 /* PSMoreViewController.m */,
			);
			path = ViewController;
			sourceTree = "<group>";
		};
		BC5EF5C619601D350066CB63 /* Cloud Music */ = {
			isa = PBXGroup;
			children = (
			);
			path = "Cloud Music";
			sourceTree = "<group>";
		};
		BC5EF5C719601D350066CB63 /* Cloud picture */ = {
			isa = PBXGroup;
			children = (
			);
			path = "Cloud picture";
			sourceTree = "<group>";
		};
		BC5EF5C819601D360066CB63 /* Cloud share */ = {
			isa = PBXGroup;
			children = (
			);
			path = "Cloud share";
			sourceTree = "<group>";
		};
		BC5EF5C919601D360066CB63 /* Cloud video */ = {
			isa = PBXGroup;
			children = (
			);
			path = "Cloud video";
			sourceTree = "<group>";
		};
		BC5EF5D9196027C30066CB63 /* guideImage */ = {
			isa = PBXGroup;
			children = (
				BC5EF5DA196027C30066CB63 /* guide_1@2x.png */,
				BC5EF5DB196027C30066CB63 /* guide_2@2x.png */,
				BC5EF5DC196027C30066CB63 /* guide_3@2x.png */,
				BC5EF5DD196027C30066CB63 /* guide_4@2x.png */,
			);
			path = guideImage;
			sourceTree = "<group>";
		};
		BC5EF5DE196027C30066CB63 /* homepage */ = {
			isa = PBXGroup;
			children = (
				BC5EF5DF196027C30066CB63 /* ads_1@2x.png */,
				BC5EF5E0196027C30066CB63 /* ads_2@2x.png */,
				BC5EF5E1196027C30066CB63 /* ads_3@2x.png */,
				BC5EF5E2196027C30066CB63 /* camera-normal.png */,
				BC5EF5E3196027C30066CB63 /* camera-selected.png */,
				BC5EF5E4196027C30066CB63 /* files-normal.png */,
				BC5EF5E5196027C30066CB63 /* files-selected.png */,
				BC5EF5E6196027C30066CB63 /* global.png */,
				BC5EF5E7196027C30066CB63 /* home_active.png */,
				BC5EF5E8196027C30066CB63 /* home_normal.png */,
				BC5EF5E9196027C30066CB63 /* host_logo@2x.png */,
				BC5EF5EA196027C30066CB63 /* hyt_active.png */,
				BC5EF5EB196027C30066CB63 /* hyt_normal.png */,
				BC5EF5EC196027C30066CB63 /* more_active.png */,
				BC5EF5ED196027C30066CB63 /* more_normal.png */,
				BC5EF5EE196027C30066CB63 /* music-normal.png */,
				BC5EF5EF196027C30066CB63 /* music-selected.png */,
				BC5EF5F0196027C30066CB63 /* photos-normal.png */,
				BC5EF5F1196027C30066CB63 /* photos-selected.png */,
				BC5EF5F2196027C30066CB63 /* pinyou_active.png */,
				BC5EF5F3196027C30066CB63 /* pinyou_normal.png */,
				BC5EF5F4196027C30066CB63 /* tabbar.png */,
			);
			path = homepage;
			sourceTree = "<group>";
		};
		BC5EF5F5196027C30066CB63 /* logo */ = {
			isa = PBXGroup;
			children = (
				BC5EF5F6196027C30066CB63 /* 114x114.png */,
				BC5EF5F7196027C30066CB63 /* 120x120.png */,
				BC5EF5F8196027C30066CB63 /* 57x57.png */,
			);
			path = logo;
			sourceTree = "<group>";
		};
/* End PBXGroup section */

/* Begin PBXNativeTarget section */
		BC5EF5831960129D0066CB63 /* Router cloud */ = {
			isa = PBXNativeTarget;
			buildConfigurationList = BC5EF5B01960129E0066CB63 /* Build configuration list for PBXNativeTarget "Router cloud" */;
			buildPhases = (
				BC5EF5801960129D0066CB63 /* Sources */,
				BC5EF5811960129D0066CB63 /* Frameworks */,
				BC5EF5821960129D0066CB63 /* Resources */,
			);
			buildRules = (
			);
			dependencies = (
			);
			name = "Router cloud";
			productName = "Router cloud";
			productReference = BC5EF5841960129D0066CB63 /* Router cloud.app */;
			productType = "com.apple.product-type.application";
		};
		BC5EF59E1960129D0066CB63 /* Router cloudTests */ = {
			isa = PBXNativeTarget;
			buildConfigurationList = BC5EF5B31960129E0066CB63 /* Build configuration list for PBXNativeTarget "Router cloudTests" */;
			buildPhases = (
				BC5EF59B1960129D0066CB63 /* Sources */,
				BC5EF59C1960129D0066CB63 /* Frameworks */,
				BC5EF59D1960129D0066CB63 /* Resources */,
			);
			buildRules = (
			);
			dependencies = (
				BC5EF5A51960129D0066CB63 /* PBXTargetDependency */,
			);
			name = "Router cloudTests";
			productName = "Router cloudTests";
			productReference = BC5EF59F1960129D0066CB63 /* Router cloudTests.xctest */;
			productType = "com.apple.product-type.bundle.unit-test";
		};
/* End PBXNativeTarget section */

/* Begin PBXProject section */
		BC5EF57C1960129D0066CB63 /* Project object */ = {
			isa = PBXProject;
			attributes = {
				CLASSPREFIX = PS;
				LastUpgradeCheck = 0500;
				ORGANIZATIONNAME = west;
				TargetAttributes = {
					BC5EF59E1960129D0066CB63 = {
						TestTargetID = BC5EF5831960129D0066CB63;
					};
				};
			};
			buildConfigurationList = BC5EF57F1960129D0066CB63 /* Build configuration list for PBXProject "Router cloud" */;
			compatibilityVersion = "Xcode 3.2";
			developmentRegion = English;
			hasScannedForEncodings = 0;
			knownRegions = (
				en,
			);
			mainGroup = BC5EF57B1960129D0066CB63;
			productRefGroup = BC5EF5851960129D0066CB63 /* Products */;
			projectDirPath = "";
			projectRoot = "";
			targets = (
				BC5EF5831960129D0066CB63 /* Router cloud */,
				BC5EF59E1960129D0066CB63 /* Router cloudTests */,
			);
		};
/* End PBXProject section */

/* Begin PBXResourcesBuildPhase section */
		BC5EF5821960129D0066CB63 /* Resources */ = {
			isa = PBXResourcesBuildPhase;
			buildActionMask = 2147483647;
			files = (
				BC5EF5D8196027A60066CB63 /* Default@2x.png in Resources */,
				BC5EF607196027C30066CB63 /* host_logo@2x.png in Resources */,
				BC5EF60B196027C30066CB63 /* more_normal.png in Resources */,
				BC5EF600196027C30066CB63 /* camera-normal.png in Resources */,
				BC5EF5FF196027C30066CB63 /* ads_3@2x.png in Resources */,
				BC5EF5921960129D0066CB63 /* InfoPlist.strings in Resources */,
				BC5EF5FC196027C30066CB63 /* guide_4@2x.png in Resources */,
				BC5EF611196027C30066CB63 /* pinyou_normal.png in Resources */,
				BC5EF613196027C30066CB63 /* 114x114.png in Resources */,
				BC5EF60F196027C30066CB63 /* photos-selected.png in Resources */,
				BC5EF612196027C30066CB63 /* tabbar.png in Resources */,
				BC5EF60E196027C30066CB63 /* photos-normal.png in Resources */,
				BC5EF5FA196027C30066CB63 /* guide_2@2x.png in Resources */,
				BC5EF5D6196027A60066CB63 /* Default-568h@2x.png in Resources */,
				BC5EF606196027C30066CB63 /* home_normal.png in Resources */,
				BC5EF601196027C30066CB63 /* camera-selected.png in Resources */,
				BC5EF614196027C30066CB63 /* 120x120.png in Resources */,
				BC5EF59A1960129D0066CB63 /* Images.xcassets in Resources */,
				BC5EF5FE196027C30066CB63 /* ads_2@2x.png in Resources */,
				BC5EF603196027C30066CB63 /* files-selected.png in Resources */,
				BC5EF5C2196014760066CB63 /* PSHomePageViewController.xib in Resources */,
				BC5EF5FB196027C30066CB63 /* guide_3@2x.png in Resources */,
				BC5EF602196027C30066CB63 /* files-normal.png in Resources */,
				BC5EF60A196027C30066CB63 /* more_active.png in Resources */,
				BC5EF615196027C30066CB63 /* 57x57.png in Resources */,
				BC5EF604196027C30066CB63 /* global.png in Resources */,
				BC5EF610196027C30066CB63 /* pinyou_active.png in Resources */,
				BC5EF605196027C30066CB63 /* home_active.png in Resources */,
				BC5EF5F9196027C30066CB63 /* guide_1@2x.png in Resources */,
				BC5EF60D196027C30066CB63 /* music-selected.png in Resources */,
				BC5EF5FD196027C30066CB63 /* ads_1@2x.png in Resources */,
				BC5EF60C196027C30066CB63 /* music-normal.png in Resources */,
				BC5EF609196027C30066CB63 /* hyt_normal.png in Resources */,
				BC5EF5D7196027A60066CB63 /* Default.png in Resources */,
				BC5EF608196027C30066CB63 /* hyt_active.png in Resources */,
			);
			runOnlyForDeploymentPostprocessing = 0;
		};
		BC5EF59D1960129D0066CB63 /* Resources */ = {
			isa = PBXResourcesBuildPhase;
			buildActionMask = 2147483647;
			files = (
				BC5EF5AB1960129D0066CB63 /* InfoPlist.strings in Resources */,
			);
			runOnlyForDeploymentPostprocessing = 0;
		};
/* End PBXResourcesBuildPhase section */

/* Begin PBXSourcesBuildPhase section */
		BC5EF5801960129D0066CB63 /* Sources */ = {
			isa = PBXSourcesBuildPhase;
			buildActionMask = 2147483647;
			files = (
				BC5EF5CF19601F580066CB63 /* PSFCViewController.m in Sources */,
				BC5EF5BD1960143E0066CB63 /* PSGuidePageViewController.m in Sources */,
				BC5EF5C1196014760066CB63 /* PSHomePageViewController.m in Sources */,
				BC5EF5941960129D0066CB63 /* main.m in Sources */,
				BC5EF5C5196017D70066CB63 /* PSTabBarController.m in Sources */,
				BC5EF5981960129D0066CB63 /* PSAppDelegate.m in Sources */,
				BC5EF5D219601F670066CB63 /* PSMoreViewController.m in Sources */,
				BC5EF5CC19601F2B0066CB63 /* PSHYTViewController.m in Sources */,
			);
			runOnlyForDeploymentPostprocessing = 0;
		};
		BC5EF59B1960129D0066CB63 /* Sources */ = {
			isa = PBXSourcesBuildPhase;
			buildActionMask = 2147483647;
			files = (
				BC5EF5AD1960129E0066CB63 /* Router_cloudTests.m in Sources */,
			);
			runOnlyForDeploymentPostprocessing = 0;
		};
/* End PBXSourcesBuildPhase section */

/* Begin PBXTargetDependency section */
		BC5EF5A51960129D0066CB63 /* PBXTargetDependency */ = {
			isa = PBXTargetDependency;
			target = BC5EF5831960129D0066CB63 /* Router cloud */;
			targetProxy = BC5EF5A41960129D0066CB63 /* PBXContainerItemProxy */;
		};
/* End PBXTargetDependency section */

/* Begin PBXVariantGroup section */
		BC5EF5901960129D0066CB63 /* InfoPlist.strings */ = {
			isa = PBXVariantGroup;
			children = (
				BC5EF5911960129D0066CB63 /* en */,
			);
			name = InfoPlist.strings;
			sourceTree = "<group>";
		};
		BC5EF5A91960129D0066CB63 /* InfoPlist.strings */ = {
			isa = PBXVariantGroup;
			children = (
				BC5EF5AA1960129D0066CB63 /* en */,
			);
			name = InfoPlist.strings;
			sourceTree = "<group>";
		};
/* End PBXVariantGroup section */

/* Begin XCBuildConfiguration section */
		BC5EF5AE1960129E0066CB63 /* Debug */ = {
			isa = XCBuildConfiguration;
			buildSettings = {
				ALWAYS_SEARCH_USER_PATHS = NO;
				ARCHS = "$(ARCHS_STANDARD_INCLUDING_64_BIT)";
				CLANG_CXX_LANGUAGE_STANDARD = "gnu++0x";
				CLANG_CXX_LIBRARY = "libc++";
				CLANG_ENABLE_MODULES = YES;
				CLANG_ENABLE_OBJC_ARC = YES;
				CLANG_WARN_BOOL_CONVERSION = YES;
				CLANG_WARN_CONSTANT_CONVERSION = YES;
				CLANG_WARN_DIRECT_OBJC_ISA_USAGE = YES_ERROR;
				CLANG_WARN_EMPTY_BODY = YES;
				CLANG_WARN_ENUM_CONVERSION = YES;
				CLANG_WARN_INT_CONVERSION = YES;
				CLANG_WARN_OBJC_ROOT_CLASS = YES_ERROR;
				CLANG_WARN__DUPLICATE_METHOD_MATCH = YES;
				"CODE_SIGN_IDENTITY[sdk=iphoneos*]" = "iPhone Developer";
				COPY_PHASE_STRIP = NO;
				GCC_C_LANGUAGE_STANDARD = gnu99;
				GCC_DYNAMIC_NO_PIC = NO;
				GCC_OPTIMIZATION_LEVEL = 0;
				GCC_PREPROCESSOR_DEFINITIONS = (
					"DEBUG=1",
					"$(inherited)",
				);
				GCC_SYMBOLS_PRIVATE_EXTERN = NO;
				GCC_WARN_64_TO_32_BIT_CONVERSION = YES;
				GCC_WARN_ABOUT_RETURN_TYPE = YES_ERROR;
				GCC_WARN_UNDECLARED_SELECTOR = YES;
				GCC_WARN_UNINITIALIZED_AUTOS = YES;
				GCC_WARN_UNUSED_FUNCTION = YES;
				GCC_WARN_UNUSED_VARIABLE = YES;
				IPHONEOS_DEPLOYMENT_TARGET = 7.0;
				ONLY_ACTIVE_ARCH = YES;
				SDKROOT = iphoneos;
			};
			name = Debug;
		};
		BC5EF5AF1960129E0066CB63 /* Release */ = {
			isa = XCBuildConfiguration;
			buildSettings = {
				ALWAYS_SEARCH_USER_PATHS = NO;
				ARCHS = "$(ARCHS_STANDARD_INCLUDING_64_BIT)";
				CLANG_CXX_LANGUAGE_STANDARD = "gnu++0x";
				CLANG_CXX_LIBRARY = "libc++";
				CLANG_ENABLE_MODULES = YES;
				CLANG_ENABLE_OBJC_ARC = YES;
				CLANG_WARN_BOOL_CONVERSION = YES;
				CLANG_WARN_CONSTANT_CONVERSION = YES;
				CLANG_WARN_DIRECT_OBJC_ISA_USAGE = YES_ERROR;
				CLANG_WARN_EMPTY_BODY = YES;
				CLANG_WARN_ENUM_CONVERSION = YES;
				CLANG_WARN_INT_CONVERSION = YES;
				CLANG_WARN_OBJC_ROOT_CLASS = YES_ERROR;
				CLANG_WARN__DUPLICATE_METHOD_MATCH = YES;
				"CODE_SIGN_IDENTITY[sdk=iphoneos*]" = "iPhone Developer";
				COPY_PHASE_STRIP = YES;
				ENABLE_NS_ASSERTIONS = NO;
				GCC_C_LANGUAGE_STANDARD = gnu99;
				GCC_WARN_64_TO_32_BIT_CONVERSION = YES;
				GCC_WARN_ABOUT_RETURN_TYPE = YES_ERROR;
				GCC_WARN_UNDECLARED_SELECTOR = YES;
				GCC_WARN_UNINITIALIZED_AUTOS = YES;
				GCC_WARN_UNUSED_FUNCTION = YES;
				GCC_WARN_UNUSED_VARIABLE = YES;
				IPHONEOS_DEPLOYMENT_TARGET = 7.0;
				SDKROOT = iphoneos;
				VALIDATE_PRODUCT = YES;
			};
			name = Release;
		};
		BC5EF5B11960129E0066CB63 /* Debug */ = {
			isa = XCBuildConfiguration;
			buildSettings = {
				ASSETCATALOG_COMPILER_APPICON_NAME = AppIcon;
				ASSETCATALOG_COMPILER_LAUNCHIMAGE_NAME = LaunchImage;
				GCC_PRECOMPILE_PREFIX_HEADER = YES;
				GCC_PREFIX_HEADER = "Router cloud/Router cloud-Prefix.pch";
				INFOPLIST_FILE = "Router cloud/Router cloud-Info.plist";
				PRODUCT_NAME = "$(TARGET_NAME)";
				WRAPPER_EXTENSION = app;
			};
			name = Debug;
		};
		BC5EF5B21960129E0066CB63 /* Release */ = {
			isa = XCBuildConfiguration;
			buildSettings = {
				ASSETCATALOG_COMPILER_APPICON_NAME = AppIcon;
				ASSETCATALOG_COMPILER_LAUNCHIMAGE_NAME = LaunchImage;
				GCC_PRECOMPILE_PREFIX_HEADER = YES;
				GCC_PREFIX_HEADER = "Router cloud/Router cloud-Prefix.pch";
				INFOPLIST_FILE = "Router cloud/Router cloud-Info.plist";
				PRODUCT_NAME = "$(TARGET_NAME)";
				WRAPPER_EXTENSION = app;
			};
			name = Release;
		};
		BC5EF5B41960129E0066CB63 /* Debug */ = {
			isa = XCBuildConfiguration;
			buildSettings = {
				ARCHS = "$(ARCHS_STANDARD_INCLUDING_64_BIT)";
				BUNDLE_LOADER = "$(BUILT_PRODUCTS_DIR)/Router cloud.app/Router cloud";
				FRAMEWORK_SEARCH_PATHS = (
					"$(SDKROOT)/Developer/Library/Frameworks",
					"$(inherited)",
					"$(DEVELOPER_FRAMEWORKS_DIR)",
				);
				GCC_PRECOMPILE_PREFIX_HEADER = YES;
				GCC_PREFIX_HEADER = "Router cloud/Router cloud-Prefix.pch";
				GCC_PREPROCESSOR_DEFINITIONS = (
					"DEBUG=1",
					"$(inherited)",
				);
				INFOPLIST_FILE = "Router cloudTests/Router cloudTests-Info.plist";
				PRODUCT_NAME = "$(TARGET_NAME)";
				TEST_HOST = "$(BUNDLE_LOADER)";
				WRAPPER_EXTENSION = xctest;
			};
			name = Debug;
		};
		BC5EF5B51960129E0066CB63 /* Release */ = {
			isa = XCBuildConfiguration;
			buildSettings = {
				ARCHS = "$(ARCHS_STANDARD_INCLUDING_64_BIT)";
				BUNDLE_LOADER = "$(BUILT_PRODUCTS_DIR)/Router cloud.app/Router cloud";
				FRAMEWORK_SEARCH_PATHS = (
					"$(SDKROOT)/Developer/Library/Frameworks",
					"$(inherited)",
					"$(DEVELOPER_FRAMEWORKS_DIR)",
				);
				GCC_PRECOMPILE_PREFIX_HEADER = YES;
				GCC_PREFIX_HEADER = "Router cloud/Router cloud-Prefix.pch";
				INFOPLIST_FILE = "Router cloudTests/Router cloudTests-Info.plist";
				PRODUCT_NAME = "$(TARGET_NAME)";
				TEST_HOST = "$(BUNDLE_LOADER)";
				WRAPPER_EXTENSION = xctest;
			};
			name = Release;
		};
/* End XCBuildConfiguration section */

/* Begin XCConfigurationList section */
		BC5EF57F1960129D0066CB63 /* Build configuration list for PBXProject "Router cloud" */ = {
			isa = XCConfigurationList;
			buildConfigurations = (
				BC5EF5AE1960129E0066CB63 /* Debug */,
				BC5EF5AF1960129E0066CB63 /* Release */,
			);
			defaultConfigurationIsVisible = 0;
			defaultConfigurationName = Release;
		};
		BC5EF5B01960129E0066CB63 /* Build configuration list for PBXNativeTarget "Router cloud" */ = {
			isa = XCConfigurationList;
			buildConfigurations = (
				BC5EF5B11960129E0066CB63 /* Debug */,
				BC5EF5B21960129E0066CB63 /* Release */,
			);
			defaultConfigurationIsVisible = 0;
		};
		BC5EF5B31960129E0066CB63 /* Build configuration list for PBXNativeTarget "Router cloudTests" */ = {
			isa = XCConfigurationList;
			buildConfigurations = (
				BC5EF5B41960129E0066CB63 /* Debug */,
				BC5EF5B51960129E0066CB63 /* Release */,
			);
			defaultConfigurationIsVisible = 0;
		};
/* End XCConfigurationList section */
	};
	rootObject = BC5EF57C1960129D0066CB63 /* Project object */;
}
